// !$*UTF8*$!
{
	archiveVersion = 1;
	classes = {
	};
	objectVersion = 46;
	objects = {

/* Begin PBXBuildFile section */
		518DA2B21A8D0AD500D93621 /* AppDelegate.swift in Sources */ = {isa = PBXBuildFile; fileRef = 518DA2B11A8D0AD500D93621 /* AppDelegate.swift */; };
		518DA2B41A8D0AD500D93621 /* ViewController.swift in Sources */ = {isa = PBXBuildFile; fileRef = 518DA2B31A8D0AD500D93621 /* ViewController.swift */; };
		518DA2B71A8D0AD500D93621 /* Main.storyboard in Resources */ = {isa = PBXBuildFile; fileRef = 518DA2B51A8D0AD500D93621 /* Main.storyboard */; };
		518DA2B91A8D0AD500D93621 /* Images.xcassets in Resources */ = {isa = PBXBuildFile; fileRef = 518DA2B81A8D0AD500D93621 /* Images.xcassets */; };
		518DA2BC1A8D0AD500D93621 /* LaunchScreen.xib in Resources */ = {isa = PBXBuildFile; fileRef = 518DA2BA1A8D0AD500D93621 /* LaunchScreen.xib */; };
		518DA2C81A8D0AD600D93621 /* PopoversTests.swift in Sources */ = {isa = PBXBuildFile; fileRef = 518DA2C71A8D0AD600D93621 /* PopoversTests.swift */; };
/* End PBXBuildFile section */

/* Begin PBXContainerItemProxy section */
		518DA2C21A8D0AD600D93621 /* PBXContainerItemProxy */ = {
			isa = PBXContainerItemProxy;
			containerPortal = 518DA2A41A8D0AD500D93621 /* Project object */;
			proxyType = 1;
			remoteGlobalIDString = 518DA2AB1A8D0AD500D93621;
			remoteInfo = Popovers;
		};
/* End PBXContainerItemProxy section */

/* Begin PBXFileReference section */
		518DA2AC1A8D0AD500D93621 /* Popovers.app */ = {isa = PBXFileReference; explicitFileType = wrapper.application; includeInIndex = 0; path = Popovers.app; sourceTree = BUILT_PRODUCTS_DIR; };
		518DA2B01A8D0AD500D93621 /* Info.plist */ = {isa = PBXFileReference; lastKnownFileType = text.plist.xml; path = Info.plist; sourceTree = "<group>"; };
		518DA2B11A8D0AD500D93621 /* AppDelegate.swift */ = {isa = PBXFileReference; lastKnownFileType = sourcecode.swift; path = AppDelegate.swift; sourceTree = "<group>"; };
		518DA2B31A8D0AD500D93621 /* ViewController.swift */ = {isa = PBXFileReference; lastKnownFileType = sourcecode.swift; path = ViewController.swift; sourceTree = "<group>"; };
		518DA2B61A8D0AD500D93621 /* Base */ = {isa = PBXFileReference; lastKnownFileType = file.storyboard; name = Base; path = Base.lproj/Main.storyboard; sourceTree = "<group>"; };
		518DA2B81A8D0AD500D93621 /* Images.xcassets */ = {isa = PBXFileReference; lastKnownFileType = folder.assetcatalog; path = Images.xcassets; sourceTree = "<group>"; };
		518DA2BB1A8D0AD500D93621 /* Base */ = {isa = PBXFileReference; lastKnownFileType = file.xib; name = Base; path = Base.lproj/LaunchScreen.xib; sourceTree = "<group>"; };
		518DA2C11A8D0AD600D93621 /* PopoversTests.xctest */ = {isa = PBXFileReference; explicitFileType = wrapper.cfbundle; includeInIndex = 0; path = PopoversTests.xctest; sourceTree = BUILT_PRODUCTS_DIR; };
		518DA2C61A8D0AD600D93621 /* Info.plist */ = {isa = PBXFileReference; lastKnownFileType = text.plist.xml; path = Info.plist; sourceTree = "<group>"; };
		518DA2C71A8D0AD600D93621 /* PopoversTests.swift */ = {isa = PBXFileReference; lastKnownFileType = sourcecode.swift; path = PopoversTests.swift; sourceTree = "<group>"; };
/* End PBXFileReference section */

/* Begin PBXFrameworksBuildPhase section */
		518DA2A91A8D0AD500D93621 /* Frameworks */ = {
			isa = PBXFrameworksBuildPhase;
			buildActionMask = 2147483647;
			files = (
			);
			runOnlyForDeploymentPostprocessing = 0;
		};
		518DA2BE1A8D0AD600D93621 /* Frameworks */ = {
			isa = PBXFrameworksBuildPhase;
			buildActionMask = 2147483647;
			files = (
			);
			runOnlyForDeploymentPostprocessing = 0;
		};
/* End PBXFrameworksBuildPhase section */

/* Begin PBXGroup section */
		518DA2A31A8D0AD500D93621 = {
			isa = PBXGroup;
			children = (
				518DA2AE1A8D0AD500D93621 /* Popovers */,
				518DA2C41A8D0AD600D93621 /* PopoversTests */,
				518DA2AD1A8D0AD500D93621 /* Products */,
			);
			sourceTree = "<group>";
		};
		518DA2AD1A8D0AD500D93621 /* Products */ = {
			isa = PBXGroup;
			children = (
				518DA2AC1A8D0AD500D93621 /* Popovers.app */,
				518DA2C11A8D0AD600D93621 /* PopoversTests.xctest */,
			);
			name = Products;
			sourceTree = "<group>";
		};
		518DA2AE1A8D0AD500D93621 /* Popovers */ = {
			isa = PBXGroup;
			children = (
				518DA2B11A8D0AD500D93621 /* AppDelegate.swift */,
				518DA2B31A8D0AD500D93621 /* ViewController.swift */,
				518DA2B51A8D0AD500D93621 /* Main.storyboard */,
				518DA2B81A8D0AD500D93621 /* Images.xcassets */,
				518DA2BA1A8D0AD500D93621 /* LaunchScreen.xib */,
				518DA2AF1A8D0AD500D93621 /* Supporting Files */,
			);
			path = Popovers;
			sourceTree = "<group>";
		};
		518DA2AF1A8D0AD500D93621 /* Supporting Files */ = {
			isa = PBXGroup;
			children = (
				518DA2B01A8D0AD500D93621 /* Info.plist */,
			);
			name = "Supporting Files";
			sourceTree = "<group>";
		};
		518DA2C41A8D0AD600D93621 /* PopoversTests */ = {
			isa = PBXGroup;
			children = (
				518DA2C71A8D0AD600D93621 /* PopoversTests.swift */,
				518DA2C51A8D0AD600D93621 /* Supporting Files */,
			);
			path = PopoversTests;
			sourceTree = "<group>";
		};
		518DA2C51A8D0AD600D93621 /* Supporting Files */ = {
			isa = PBXGroup;
			children = (
				518DA2C61A8D0AD600D93621 /* Info.plist */,
			);
			name = "Supporting Files";
			sourceTree = "<group>";
		};
/* End PBXGroup section */

/* Begin PBXNativeTarget section */
		518DA2AB1A8D0AD500D93621 /* Popovers */ = {
			isa = PBXNativeTarget;
			buildConfigurationList = 518DA2CB1A8D0AD600D93621 /* Build configuration list for PBXNativeTarget "Popovers" */;
			buildPhases = (
				518DA2A81A8D0AD500D93621 /* Sources */,
				518DA2A91A8D0AD500D93621 /* Frameworks */,
				518DA2AA1A8D0AD500D93621 /* Resources */,
			);
			buildRules = (
			);
			dependencies = (
			);
			name = Popovers;
			productName = Popovers;
			productReference = 518DA2AC1A8D0AD500D93621 /* Popovers.app */;
			productType = "com.apple.product-type.application";
		};
		518DA2C01A8D0AD600D93621 /* PopoversTests */ = {
			isa = PBXNativeTarget;
			buildConfigurationList = 518DA2CE1A8D0AD600D93621 /* Build configuration list for PBXNativeTarget "PopoversTests" */;
			buildPhases = (
				518DA2BD1A8D0AD600D93621 /* Sources */,
				518DA2BE1A8D0AD600D93621 /* Frameworks */,
				518DA2BF1A8D0AD600D93621 /* Resources */,
			);
			buildRules = (
			);
			dependencies = (
				518DA2C31A8D0AD600D93621 /* PBXTargetDependency */,
			);
			name = PopoversTests;
			productName = PopoversTests;
			productReference = 518DA2C11A8D0AD600D93621 /* PopoversTests.xctest */;
			productType = "com.apple.product-type.bundle.unit-test";
		};
/* End PBXNativeTarget section */

/* Begin PBXProject section */
		518DA2A41A8D0AD500D93621 /* Project object */ = {
			isa = PBXProject;
			attributes = {
				LastUpgradeCheck = 0610;
				ORGANIZATIONNAME = "Elad Lavi";
				TargetAttributes = {
					518DA2AB1A8D0AD500D93621 = {
						CreatedOnToolsVersion = 6.1.1;
					};
					518DA2C01A8D0AD600D93621 = {
						CreatedOnToolsVersion = 6.1.1;
						TestTargetID = 518DA2AB1A8D0AD500D93621;
					};
				};
			};
			buildConfigurationList = 518DA2A71A8D0AD500D93621 /* Build configuration list for PBXProject "Popovers" */;
			compatibilityVersion = "Xcode 3.2";
			developmentRegion = English;
			hasScannedForEncodings = 0;
			knownRegions = (
				en,
				Base,
			);
			mainGroup = 518DA2A31A8D0AD500D93621;
			productRefGroup = 518DA2AD1A8D0AD500D93621 /* Products */;
			projectDirPath = "";
			projectRoot = "";
			targets = (
				518DA2AB1A8D0AD500D93621 /* Popovers */,
				518DA2C01A8D0AD600D93621 /* PopoversTests */,
			);
		};
/* End PBXProject section */

/* Begin PBXResourcesBuildPhase section */
		518DA2AA1A8D0AD500D93621 /* Resources */ = {
			isa = PBXResourcesBuildPhase;
			buildActionMask = 2147483647;
			files = (
				518DA2B71A8D0AD500D93621 /* Main.storyboard in Resources */,
				518DA2BC1A8D0AD500D93621 /* LaunchScreen.xib in Resources */,
				518DA2B91A8D0AD500D93621 /* Images.xcassets in Resources */,
			);
			runOnlyForDeploymentPostprocessing = 0;
		};
		518DA2BF1A8D0AD600D93621 /* Resources */ = {
			isa = PBXResourcesBuildPhase;
			buildActionMask = 2147483647;
			files = (
			);
			runOnlyForDeploymentPostprocessing = 0;
		};
/* End PBXResourcesBuildPhase section */

/* Begin PBXSourcesBuildPhase section */
		518DA2A81A8D0AD500D93621 /* Sources */ = {
			isa = PBXSourcesBuildPhase;
			buildActionMask = 2147483647;
			files = (
				518DA2B41A8D0AD500D93621 /* ViewController.swift in Sources */,
				518DA2B21A8D0AD500D93621 /* AppDelegate.swift in Sources */,
			);
			runOnlyForDeploymentPostprocessing = 0;
		};
		518DA2BD1A8D0AD600D93621 /* Sources */ = {
			isa = PBXSourcesBuildPhase;
			buildActionMask = 2147483647;
			files = (
				518DA2C81A8D0AD600D93621 /* PopoversTests.swift in Sources */,
			);
			runOnlyForDeploymentPostprocessing = 0;
		};
/* End PBXSourcesBuildPhase section */

/* Begin PBXTargetDependency section */
		518DA2C31A8D0AD600D93621 /* PBXTargetDependency */ = {
			isa = PBXTargetDependency;
			target = 518DA2AB1A8D0AD500D93621 /* Popovers */;
			targetProxy = 518DA2C21A8D0AD600D93621 /* PBXContainerItemProxy */;
		};
/* End PBXTargetDependency section */

/* Begin PBXVariantGroup section */
		518DA2B51A8D0AD500D93621 /* Main.storyboard */ = {
			isa = PBXVariantGroup;
			children = (
				518DA2B61A8D0AD500D93621 /* Base */,
			);
			name = Main.storyboard;
			sourceTree = "<group>";
		};
		518DA2BA1A8D0AD500D93621 /* LaunchScreen.xib */ = {
			isa = PBXVariantGroup;
			children = (
				518DA2BB1A8D0AD500D93621 /* Base */,
			);
			name = LaunchScreen.xib;
			sourceTree = "<group>";
		};
/* End PBXVariantGroup section */

/* Begin XCBuildConfiguration section */
		518DA2C91A8D0AD600D93621 /* Debug */ = {
			isa = XCBuildConfiguration;
			buildSettings = {
				ALWAYS_SEARCH_USER_PATHS = NO;
				CLANG_CXX_LANGUAGE_STANDARD = "gnu++0x";
				CLANG_CXX_LIBRARY = "libc++";
				CLANG_ENABLE_MODULES = YES;
				CLANG_ENABLE_OBJC_ARC = YES;
				CLANG_WARN_BOOL_CONVERSION = YES;
				CLANG_WARN_CONSTANT_CONVERSION = YES;
				CLANG_WARN_DIRECT_OBJC_ISA_USAGE = YES_ERROR;
				CLANG_WARN_EMPTY_BODY = YES;
				CLANG_WARN_ENUM_CONVERSION = YES;
				CLANG_WARN_INT_CONVERSION = YES;
				CLANG_WARN_OBJC_ROOT_CLASS = YES_ERROR;
				CLANG_WARN_UNREACHABLE_CODE = YES;
				CLANG_WARN__DUPLICATE_METHOD_MATCH = YES;
				"CODE_SIGN_IDENTITY[sdk=iphoneos*]" = "iPhone Developer";
				COPY_PHASE_STRIP = NO;
				ENABLE_STRICT_OBJC_MSGSEND = YES;
				GCC_C_LANGUAGE_STANDARD = gnu99;
				GCC_DYNAMIC_NO_PIC = NO;
				GCC_OPTIMIZATION_LEVEL = 0;
				GCC_PREPROCESSOR_DEFINITIONS = (
					"DEBUG=1",
					"$(inherited)",
				);
				GCC_SYMBOLS_PRIVATE_EXTERN = NO;
				GCC_WARN_64_TO_32_BIT_CONVERSION = YES;
				GCC_WARN_ABOUT_RETURN_TYPE = YES_ERROR;
				GCC_WARN_UNDECLARED_SELECTOR = YES;
				GCC_WARN_UNINITIALIZED_AUTOS = YES_AGGRESSIVE;
				GCC_WARN_UNUSED_FUNCTION = YES;
				GCC_WARN_UNUSED_VARIABLE = YES;
				IPHONEOS_DEPLOYMENT_TARGET = 8.1;
				MTL_ENABLE_DEBUG_INFO = YES;
				ONLY_ACTIVE_ARCH = YES;
				SDKROOT = iphoneos;
				SWIFT_OPTIMIZATION_LEVEL = "-Onone";
			};
			name = Debug;
		};
		518DA2CA1A8D0AD600D93621 /* Release */ = {
			isa = XCBuildConfiguration;
			buildSettings = {
				ALWAYS_SEARCH_USER_PATHS = NO;
				CLANG_CXX_LANGUAGE_STANDARD = "gnu++0x";
				CLANG_CXX_LIBRARY = "libc++";
				CLANG_ENABLE_MODULES = YES;
				CLANG_ENABLE_OBJC_ARC = YES;
				CLANG_WARN_BOOL_CONVERSION = YES;
				CLANG_WARN_CONSTANT_CONVERSION = YES;
				CLANG_WARN_DIRECT_OBJC_ISA_USAGE = YES_ERROR;
				CLANG_WARN_EMPTY_BODY = YES;
				CLANG_WARN_ENUM_CONVERSION = YES;
				CLANG_WARN_INT_CONVERSION = YES;
				CLANG_WARN_OBJC_ROOT_CLASS = YES_ERROR;
				CLANG_WARN_UNREACHABLE_CODE = YES;
				CLANG_WARN__DUPLICATE_METHOD_MATCH = YES;
				"CODE_SIGN_IDENTITY[sdk=iphoneos*]" = "iPhone Developer";
				COPY_PHASE_STRIP = YES;
				ENABLE_NS_ASSERTIONS = NO;
				ENABLE_STRICT_OBJC_MSGSEND = YES;
				GCC_C_LANGUAGE_STANDARD = gnu99;
				GCC_WARN_64_TO_32_BIT_CONVERSION = YES;
				GCC_WARN_ABOUT_RETURN_TYPE = YES_ERROR;
				GCC_WARN_UNDECLARED_SELECTOR = YES;
				GCC_WARN_UNINITIALIZED_AUTOS = YES_AGGRESSIVE;
				GCC_WARN_UNUSED_FUNCTION = YES;
				GCC_WARN_UNUSED_VARIABLE = YES;
				IPHONEOS_DEPLOYMENT_TARGET = 8.1;
				MTL_ENABLE_DEBUG_INFO = NO;
				SDKROOT = iphoneos;
				VALIDATE_PRODUCT = YES;
			};
			name = Release;
		};
		518DA2CC1A8D0AD600D93621 /* Debug */ = {
			isa = XCBuildConfiguration;
			buildSettings = {
				ASSETCATALOG_COMPILER_APPICON_NAME = AppIcon;
				INFOPLIST_FILE = Popovers/Info.plist;
				LD_RUNPATH_SEARCH_PATHS = "$(inherited) @executable_path/Frameworks";
				PRODUCT_NAME = "$(TARGET_NAME)";
			};
			name = Debug;
		};
		518DA2CD1A8D0AD600D93621 /* Release */ = {
			isa = XCBuildConfiguration;
			buildSettings = {
				ASSETCATALOG_COMPILER_APPICON_NAME = AppIcon;
				INFOPLIST_FILE = Popovers/Info.plist;
				LD_RUNPATH_SEARCH_PATHS = "$(inherited) @executable_path/Frameworks";
				PRODUCT_NAME = "$(TARGET_NAME)";
			};
			name = Release;
		};
		518DA2CF1A8D0AD600D93621 /* Debug */ = {
			isa = XCBuildConfiguration;
			buildSettings = {
				BUNDLE_LOADER = "$(TEST_HOST)";
				FRAMEWORK_SEARCH_PATHS = (
					"$(SDKROOT)/Developer/Library/Frameworks",
					"$(inherited)",
				);
				GCC_PREPROCESSOR_DEFINITIONS = (
					"DEBUG=1",
					"$(inherited)",
				);
				INFOPLIST_FILE = PopoversTests/Info.plist;
				LD_RUNPATH_SEARCH_PATHS = "$(inherited) @executable_path/Frameworks @loader_path/Frameworks";
				PRODUCT_NAME = "$(TARGET_NAME)";
				TEST_HOST = "$(BUILT_PRODUCTS_DIR)/Popovers.app/Popovers";
			};
			name = Debug;
		};
		518DA2D01A8D0AD600D93621 /* Release */ = {
			isa = XCBuildConfiguration;
			buildSettings = {
				BUNDLE_LOADER = "$(TEST_HOST)";
				FRAMEWORK_SEARCH_PATHS = (
					"$(SDKROOT)/Developer/Library/Frameworks",
					"$(inherited)",
				);
				INFOPLIST_FILE = PopoversTests/Info.plist;
				LD_RUNPATH_SEARCH_PATHS = "$(inherited) @executable_path/Frameworks @loader_path/Frameworks";
				PRODUCT_NAME = "$(TARGET_NAME)";
				TEST_HOST = "$(BUILT_PRODUCTS_DIR)/Popovers.app/Popovers";
			};
			name = Release;
		};
/* End XCBuildConfiguration section */

/* Begin XCConfigurationList section */
		518DA2A71A8D0AD500D93621 /* Build configuration list for PBXProject "Popovers" */ = {
			isa = XCConfigurationList;
			buildConfigurations = (
				518DA2C91A8D0AD600D93621 /* Debug */,
				518DA2CA1A8D0AD600D93621 /* Release */,
			);
			defaultConfigurationIsVisible = 0;
			defaultConfigurationName = Release;
		};
		518DA2CB1A8D0AD600D93621 /* Build configuration list for PBXNativeTarget "Popovers" */ = {
			isa = XCConfigurationList;
			buildConfigurations = (
				518DA2CC1A8D0AD600D93621 /* Debug */,
				518DA2CD1A8D0AD600D93621 /* Release */,
			);
			defaultConfigurationIsVisible = 0;
		};
		518DA2CE1A8D0AD600D93621 /* Build configuration list for PBXNativeTarget "PopoversTests" */ = {
			isa = XCConfigurationList;
			buildConfigurations = (
				518DA2CF1A8D0AD600D93621 /* Debug */,
				518DA2D01A8D0AD600D93621 /* Release */,
			);
			defaultConfigurationIsVisible = 0;
		};
/* End XCConfigurationList section */
	};
	rootObject = 518DA2A41A8D0AD500D93621 /* Project object */;
}
